
Microsoft Visual Studio Solution File, Format Version 12.00
# Visual Studio Version 17
VisualStudioVersion = 17.3.32929.385
MinimumVisualStudioVersion = 10.0.40219.1
Project("{FAE04EC0-301F-11D3-BF4B-00C04F79EFBC}") = "apallakttiki_ergasia_2023_thema_2", "apallakttiki_ergasia_2023_thema_2\apallakttiki_ergasia_2023_thema_2.csproj", "{BB69BA3F-D661-497B-A2BC-9E54545575D3}"
EndProject
Global
	GlobalSection(SolutionConfigurationPlatforms) = preSolution
		Debug|Any CPU = Debug|Any CPU
		Release|Any CPU = Release|Any CPU
	EndGlobalSection
	GlobalSection(ProjectConfigurationPlatforms) = postSolution
		{BB69BA3F-D661-497B-A2BC-9E54545575D3}.Debug|Any CPU.ActiveCfg = Debug|Any CPU
		{BB69BA3F-D661-497B-A2BC-9E54545575D3}.Debug|Any CPU.Build.0 = Debug|Any CPU
		{BB69BA3F-D661-497B-A2BC-9E54545575D3}.Release|Any CPU.ActiveCfg = Release|Any CPU
		{BB69BA3F-D661-497B-A2BC-9E54545575D3}.Release|Any CPU.Build.0 = Release|Any CPU
	EndGlobalSection
	GlobalSection(SolutionProperties) = preSolution
		HideSolutionNode = FALSE
	EndGlobalSection
	GlobalSection(ExtensibilityGlobals) = postSolution
		SolutionGuid = {416DEDCB-DB91-40A2-9A55-75CDBFECE34A}
	EndGlobalSection
EndGlobal
